
Microsoft Visual Studio Solution File, Format Version 12.00
# Visual Studio Version 16
VisualStudioVersion = 16.0.29306.81
MinimumVisualStudioVersion = 10.0.40219.1
Project("{FAE04EC0-301F-11D3-BF4B-00C04F79EFBC}") = "Solutionneur de picross", "Solutionneur de picross\Solutionneur de picross.csproj", "{EDFA3E47-54EB-46F1-86B9-CC10C010B344}"
EndProject
Global
	GlobalSection(SolutionConfigurationPlatforms) = preSolution
		Debug|Any CPU = Debug|Any CPU
		Release|Any CPU = Release|Any CPU
	EndGlobalSection
	GlobalSection(ProjectConfigurationPlatforms) = postSolution
		{EDFA3E47-54EB-46F1-86B9-CC10C010B344}.Debug|Any CPU.ActiveCfg = Debug|Any CPU
		{EDFA3E47-54EB-46F1-86B9-CC10C010B344}.Debug|Any CPU.Build.0 = Debug|Any CPU
		{EDFA3E47-54EB-46F1-86B9-CC10C010B344}.Release|Any CPU.ActiveCfg = Release|Any CPU
		{EDFA3E47-54EB-46F1-86B9-CC10C010B344}.Release|Any CPU.Build.0 = Release|Any CPU
	EndGlobalSection
	GlobalSection(SolutionProperties) = preSolution
		HideSolutionNode = FALSE
	EndGlobalSection
	GlobalSection(ExtensibilityGlobals) = postSolution
		SolutionGuid = {683BF805-18A3-49EA-9FE6-B947A3936BB7}
	EndGlobalSection
EndGlobal
